
Microsoft Visual Studio Solution File, Format Version 12.00
# Visual Studio 15
VisualStudioVersion = 15.0.27703.2047
MinimumVisualStudioVersion = 10.0.40219.1
Project("{FAE04EC0-301F-11D3-BF4B-00C04F79EFBC}") = "EventGridWebHook", "EventGridWebHook\EventGridWebHook.csproj", "{BC3E2CDC-DF5B-48A1-B672-A33D83122C34}"
EndProject
Global
	GlobalSection(SolutionConfigurationPlatforms) = preSolution
		Debug|Any CPU = Debug|Any CPU
		Release|Any CPU = Release|Any CPU
	EndGlobalSection
	GlobalSection(ProjectConfigurationPlatforms) = postSolution
		{BC3E2CDC-DF5B-48A1-B672-A33D83122C34}.Debug|Any CPU.ActiveCfg = Debug|Any CPU
		{BC3E2CDC-DF5B-48A1-B672-A33D83122C34}.Debug|Any CPU.Build.0 = Debug|Any CPU
		{BC3E2CDC-DF5B-48A1-B672-A33D83122C34}.Release|Any CPU.ActiveCfg = Release|Any CPU
		{BC3E2CDC-DF5B-48A1-B672-A33D83122C34}.Release|Any CPU.Build.0 = Release|Any CPU
	EndGlobalSection
	GlobalSection(SolutionProperties) = preSolution
		HideSolutionNode = FALSE
	EndGlobalSection
	GlobalSection(ExtensibilityGlobals) = postSolution
		SolutionGuid = {D97FA148-AECA-4FF8-84E7-14BD2A12374D}
	EndGlobalSection
EndGlobal
